Backend Distributed Systems Edge Computing Testing Data Science Load Testing JWT API Gateway Neural Networks DNS Routing
Don't be afraid to give up the good to go for the great. Backend Agile Load Balancing Happiness is not something ready made. It comes from your own actions. Dream big and dare to fail. Kafka Framework
Event-driven Architecture NLP Replica Set Predictive Analytics WebSockets Great things never come from comfort zones. Neural Networks Innovation distinguishes between a leader and a follower. Data Science DevOps Content Delivery Network Act as if what you do makes a difference. It does. Performance
To be the best, you must be able to handle the worst. Agile Deployment Success is how high you bounce when you hit bottom. Security API UX Optimization GraphQL Artificial Intelligence Machine Learning NLP Difficult roads often lead to beautiful destinations. Neural Networks
JavaScript RabbitMQ Kubernetes Pull Request Docker Performance Event Sourcing Backend Monitoring Container Orchestration Work hard in silence, let your success be your noise. Optimization UX Optimization Distributed Systems Quantum Computing
DNS Routing JavaScript Python Don't be afraid to give up the good to go for the great. Pull Request API Gateway Dream big and dare to fail. Success is how high you bounce when you hit bottom. IoT Opportunities don't happen. You create them. Server Response
Event Sourcing DNS Routing Stay hungry, stay foolish. Artificial Intelligence Performance Frontend Agile Python Cache Invalidation Database
