Backend Distributed Systems Edge Computing Testing Data Science Load Testing JWT API Gateway Neural Networks DNS Routing
Don't be afraid to give up the good to go for the great. Backend Agile Load Balancing Happiness is not something ready made. It comes from your own actions. Dream big and dare to fail. Kafka Framework
